// !$*UTF8*$!
{
	archiveVersion = 1;
	classes = {
	};
	objectVersion = 55;
	objects = {

/* Begin PBXBuildFile section */
		7F14C6E62828A5EB00C4A1A7 /* AppDelegate.swift in Sources */ = {isa = PBXBuildFile; fileRef = 7F14C6E52828A5EB00C4A1A7 /* AppDelegate.swift */; };
		7F14C6E82828A5EB00C4A1A7 /* SceneDelegate.swift in Sources */ = {isa = PBXBuildFile; fileRef = 7F14C6E72828A5EB00C4A1A7 /* SceneDelegate.swift */; };
		7F14C6EA2828A5EB00C4A1A7 /* ViewController.swift in Sources */ = {isa = PBXBuildFile; fileRef = 7F14C6E92828A5EB00C4A1A7 /* ViewController.swift */; };
		7F14C6ED2828A5EB00C4A1A7 /* Main.storyboard in Resources */ = {isa = PBXBuildFile; fileRef = 7F14C6EB2828A5EB00C4A1A7 /* Main.storyboard */; };
		7F14C6EF2828A5F000C4A1A7 /* Assets.xcassets in Resources */ = {isa = PBXBuildFile; fileRef = 7F14C6EE2828A5F000C4A1A7 /* Assets.xcassets */; };
		7F14C6F22828A5F000C4A1A7 /* LaunchScreen.storyboard in Resources */ = {isa = PBXBuildFile; fileRef = 7F14C6F02828A5F000C4A1A7 /* LaunchScreen.storyboard */; };
		D2E3F16746B26D5C0C26F13A /* Pods_Twiiter.framework in Frameworks */ = {isa = PBXBuildFile; fileRef = BF6A12CE2DA26D9573239C74 /* Pods_Twiiter.framework */; };
/* End PBXBuildFile section */

/* Begin PBXFileReference section */
		3C52551D086C32B93092267A /* Pods-Twiiter.debug.xcconfig */ = {isa = PBXFileReference; includeInIndex = 1; lastKnownFileType = text.xcconfig; name = "Pods-Twiiter.debug.xcconfig"; path = "Target Support Files/Pods-Twiiter/Pods-Twiiter.debug.xcconfig"; sourceTree = "<group>"; };
		7F14C6E22828A5EB00C4A1A7 /* Twiiter.app */ = {isa = PBXFileReference; explicitFileType = wrapper.application; includeInIndex = 0; path = Twiiter.app; sourceTree = BUILT_PRODUCTS_DIR; };
		7F14C6E52828A5EB00C4A1A7 /* AppDelegate.swift */ = {isa = PBXFileReference; lastKnownFileType = sourcecode.swift; path = AppDelegate.swift; sourceTree = "<group>"; };
		7F14C6E72828A5EB00C4A1A7 /* SceneDelegate.swift */ = {isa = PBXFileReference; lastKnownFileType = sourcecode.swift; path = SceneDelegate.swift; sourceTree = "<group>"; };
		7F14C6E92828A5EB00C4A1A7 /* ViewController.swift */ = {isa = PBXFileReference; lastKnownFileType = sourcecode.swift; path = ViewController.swift; sourceTree = "<group>"; };
		7F14C6EC2828A5EB00C4A1A7 /* Base */ = {isa = PBXFileReference; lastKnownFileType = file.storyboard; name = Base; path = Base.lproj/Main.storyboard; sourceTree = "<group>"; };
		7F14C6EE2828A5F000C4A1A7 /* Assets.xcassets */ = {isa = PBXFileReference; lastKnownFileType = folder.assetcatalog; path = Assets.xcassets; sourceTree = "<group>"; };
		7F14C6F12828A5F000C4A1A7 /* Base */ = {isa = PBXFileReference; lastKnownFileType = file.storyboard; name = Base; path = Base.lproj/LaunchScreen.storyboard; sourceTree = "<group>"; };
		7F14C6F32828A5F000C4A1A7 /* Info.plist */ = {isa = PBXFileReference; lastKnownFileType = text.plist.xml; path = Info.plist; sourceTree = "<group>"; };
		AD57A811DAC0A1EDBC3C77CB /* Pods-Twiiter.release.xcconfig */ = {isa = PBXFileReference; includeInIndex = 1; lastKnownFileType = text.xcconfig; name = "Pods-Twiiter.release.xcconfig"; path = "Target Support Files/Pods-Twiiter/Pods-Twiiter.release.xcconfig"; sourceTree = "<group>"; };
		BF6A12CE2DA26D9573239C74 /* Pods_Twiiter.framework */ = {isa = PBXFileReference; explicitFileType = wrapper.framework; includeInIndex = 0; path = Pods_Twiiter.framework; sourceTree = BUILT_PRODUCTS_DIR; };
/* End PBXFileReference section */

/* Begin PBXFrameworksBuildPhase section */
		7F14C6DF2828A5EB00C4A1A7 /* Frameworks */ = {
			isa = PBXFrameworksBuildPhase;
			buildActionMask = 2147483647;
			files = (
				D2E3F16746B26D5C0C26F13A /* Pods_Twiiter.framework in Frameworks */,
			);
			runOnlyForDeploymentPostprocessing = 0;
		};
/* End PBXFrameworksBuildPhase section */

/* Begin PBXGroup section */
		576468D991DC6190EB89E07F /* Frameworks */ = {
			isa = PBXGroup;
			children = (
				BF6A12CE2DA26D9573239C74 /* Pods_Twiiter.framework */,
			);
			name = Frameworks;
			sourceTree = "<group>";
		};
		7F14C6D92828A5EB00C4A1A7 = {
			isa = PBXGroup;
			children = (
				7F14C6E42828A5EB00C4A1A7 /* Twiiter */,
				7F14C6E32828A5EB00C4A1A7 /* Products */,
				FA6328232E55AAD7011D0C8B /* Pods */,
				576468D991DC6190EB89E07F /* Frameworks */,
			);
			sourceTree = "<group>";
		};
		7F14C6E32828A5EB00C4A1A7 /* Products */ = {
			isa = PBXGroup;
			children = (
				7F14C6E22828A5EB00C4A1A7 /* Twiiter.app */,
			);
			name = Products;
			sourceTree = "<group>";
		};
		7F14C6E42828A5EB00C4A1A7 /* Twiiter */ = {
			isa = PBXGroup;
			children = (
				7F14C6F92828A5FA00C4A1A7 /* Utills */,
				7F14C6FE2828A62900C4A1A7 /* Network */,
				7F14C6FD2828A62000C4A1A7 /* View */,
				7F14C6FC2828A61700C4A1A7 /* Controller */,
				7F14C6FB2828A60900C4A1A7 /* ViewModel */,
				7F14C6FA2828A60300C4A1A7 /* Model */,
				7F14C6F32828A5F000C4A1A7 /* Info.plist */,
			);
			path = Twiiter;
			sourceTree = "<group>";
		};
		7F14C6F92828A5FA00C4A1A7 /* Utills */ = {
			isa = PBXGroup;
			children = (
			);
			path = Utills;
			sourceTree = "<group>";
		};
		7F14C6FA2828A60300C4A1A7 /* Model */ = {
			isa = PBXGroup;
			children = (
			);
			path = Model;
			sourceTree = "<group>";
		};
		7F14C6FB2828A60900C4A1A7 /* ViewModel */ = {
			isa = PBXGroup;
			children = (
			);
			path = ViewModel;
			sourceTree = "<group>";
		};
		7F14C6FC2828A61700C4A1A7 /* Controller */ = {
			isa = PBXGroup;
			children = (
				7F14C6E92828A5EB00C4A1A7 /* ViewController.swift */,
			);
			path = Controller;
			sourceTree = "<group>";
		};
		7F14C6FD2828A62000C4A1A7 /* View */ = {
			isa = PBXGroup;
			children = (
				7F14C6EB2828A5EB00C4A1A7 /* Main.storyboard */,
				7F14C6EE2828A5F000C4A1A7 /* Assets.xcassets */,
				7F14C6F02828A5F000C4A1A7 /* LaunchScreen.storyboard */,
			);
			path = View;
			sourceTree = "<group>";
		};
		7F14C6FE2828A62900C4A1A7 /* Network */ = {
			isa = PBXGroup;
			children = (
				7F14C6E52828A5EB00C4A1A7 /* AppDelegate.swift */,
				7F14C6E72828A5EB00C4A1A7 /* SceneDelegate.swift */,
			);
			path = Network;
			sourceTree = "<group>";
		};
		FA6328232E55AAD7011D0C8B /* Pods */ = {
			isa = PBXGroup;
			children = (
				3C52551D086C32B93092267A /* Pods-Twiiter.debug.xcconfig */,
				AD57A811DAC0A1EDBC3C77CB /* Pods-Twiiter.release.xcconfig */,
			);
			path = Pods;
			sourceTree = "<group>";
		};
/* End PBXGroup section */

/* Begin PBXNativeTarget section */
		7F14C6E12828A5EB00C4A1A7 /* Twiiter */ = {
			isa = PBXNativeTarget;
			buildConfigurationList = 7F14C6F62828A5F000C4A1A7 /* Build configuration list for PBXNativeTarget "Twiiter" */;
			buildPhases = (
				E59C64185EAD537209282440 /* [CP] Check Pods Manifest.lock */,
				7F14C6DE2828A5EB00C4A1A7 /* Sources */,
				7F14C6DF2828A5EB00C4A1A7 /* Frameworks */,
				7F14C6E02828A5EB00C4A1A7 /* Resources */,
				954EF93741F2BEF8389E433E /* [CP] Embed Pods Frameworks */,
			);
			buildRules = (
			);
			dependencies = (
			);
			name = Twiiter;
			productName = Twiiter;
			productReference = 7F14C6E22828A5EB00C4A1A7 /* Twiiter.app */;
			productType = "com.apple.product-type.application";
		};
/* End PBXNativeTarget section */

/* Begin PBXProject section */
		7F14C6DA2828A5EB00C4A1A7 /* Project object */ = {
			isa = PBXProject;
			attributes = {
				BuildIndependentTargetsInParallel = 1;
				LastSwiftUpdateCheck = 1330;
				LastUpgradeCheck = 1330;
				TargetAttributes = {
					7F14C6E12828A5EB00C4A1A7 = {
						CreatedOnToolsVersion = 13.3.1;
					};
				};
			};
			buildConfigurationList = 7F14C6DD2828A5EB00C4A1A7 /* Build configuration list for PBXProject "Twiiter" */;
			compatibilityVersion = "Xcode 13.0";
			developmentRegion = en;
			hasScannedForEncodings = 0;
			knownRegions = (
				en,
				Base,
			);
			mainGroup = 7F14C6D92828A5EB00C4A1A7;
			productRefGroup = 7F14C6E32828A5EB00C4A1A7 /* Products */;
			projectDirPath = "";
			projectRoot = "";
			targets = (
				7F14C6E12828A5EB00C4A1A7 /* Twiiter */,
			);
		};
/* End PBXProject section */

/* Begin PBXResourcesBuildPhase section */
		7F14C6E02828A5EB00C4A1A7 /* Resources */ = {
			isa = PBXResourcesBuildPhase;
			buildActionMask = 2147483647;
			files = (
				7F14C6F22828A5F000C4A1A7 /* LaunchScreen.storyboard in Resources */,
				7F14C6EF2828A5F000C4A1A7 /* Assets.xcassets in Resources */,
				7F14C6ED2828A5EB00C4A1A7 /* Main.storyboard in Resources */,
			);
			runOnlyForDeploymentPostprocessing = 0;
		};
/* End PBXResourcesBuildPhase section */

/* Begin PBXShellScriptBuildPhase section */
		954EF93741F2BEF8389E433E /* [CP] Embed Pods Frameworks */ = {
			isa = PBXShellScriptBuildPhase;
			buildActionMask = 2147483647;
			files = (
			);
			inputFileListPaths = (
				"${PODS_ROOT}/Target Support Files/Pods-Twiiter/Pods-Twiiter-frameworks-${CONFIGURATION}-input-files.xcfilelist",
			);
			name = "[CP] Embed Pods Frameworks";
			outputFileListPaths = (
				"${PODS_ROOT}/Target Support Files/Pods-Twiiter/Pods-Twiiter-frameworks-${CONFIGURATION}-output-files.xcfilelist",
			);
			runOnlyForDeploymentPostprocessing = 0;
			shellPath = /bin/sh;
			shellScript = "\"${PODS_ROOT}/Target Support Files/Pods-Twiiter/Pods-Twiiter-frameworks.sh\"\n";
			showEnvVarsInLog = 0;
		};
		E59C64185EAD537209282440 /* [CP] Check Pods Manifest.lock */ = {
			isa = PBXShellScriptBuildPhase;
			buildActionMask = 2147483647;
			files = (
			);
			inputFileListPaths = (
			);
			inputPaths = (
				"${PODS_PODFILE_DIR_PATH}/Podfile.lock",
				"${PODS_ROOT}/Manifest.lock",
			);
			name = "[CP] Check Pods Manifest.lock";
			outputFileListPaths = (
			);
			outputPaths = (
				"$(DERIVED_FILE_DIR)/Pods-Twiiter-checkManifestLockResult.txt",
			);
			runOnlyForDeploymentPostprocessing = 0;
			shellPath = /bin/sh;
			shellScript = "diff \"${PODS_PODFILE_DIR_PATH}/Podfile.lock\" \"${PODS_ROOT}/Manifest.lock\" > /dev/null\nif [ $? != 0 ] ; then\n    # print error to STDERR\n    echo \"error: The sandbox is not in sync with the Podfile.lock. Run 'pod install' or update your CocoaPods installation.\" >&2\n    exit 1\nfi\n# This output is used by Xcode 'outputs' to avoid re-running this script phase.\necho \"SUCCESS\" > \"${SCRIPT_OUTPUT_FILE_0}\"\n";
			showEnvVarsInLog = 0;
		};
/* End PBXShellScriptBuildPhase section */

/* Begin PBXSourcesBuildPhase section */
		7F14C6DE2828A5EB00C4A1A7 /* Sources */ = {
			isa = PBXSourcesBuildPhase;
			buildActionMask = 2147483647;
			files = (
				7F14C6EA2828A5EB00C4A1A7 /* ViewController.swift in Sources */,
				7F14C6E62828A5EB00C4A1A7 /* AppDelegate.swift in Sources */,
				7F14C6E82828A5EB00C4A1A7 /* SceneDelegate.swift in Sources */,
			);
			runOnlyForDeploymentPostprocessing = 0;
		};
/* End PBXSourcesBuildPhase section */

/* Begin PBXVariantGroup section */
		7F14C6EB2828A5EB00C4A1A7 /* Main.storyboard */ = {
			isa = PBXVariantGroup;
			children = (
				7F14C6EC2828A5EB00C4A1A7 /* Base */,
			);
			name = Main.storyboard;
			sourceTree = "<group>";
		};
		7F14C6F02828A5F000C4A1A7 /* LaunchScreen.storyboard */ = {
			isa = PBXVariantGroup;
			children = (
				7F14C6F12828A5F000C4A1A7 /* Base */,
			);
			name = LaunchScreen.storyboard;
			sourceTree = "<group>";
		};
/* End PBXVariantGroup section */

/* Begin XCBuildConfiguration section */
		7F14C6F42828A5F000C4A1A7 /* Debug */ = {
			isa = XCBuildConfiguration;
			buildSettings = {
				ALWAYS_SEARCH_USER_PATHS = NO;
				CLANG_ANALYZER_NONNULL = YES;
				CLANG_ANALYZER_NUMBER_OBJECT_CONVERSION = YES_AGGRESSIVE;
				CLANG_CXX_LANGUAGE_STANDARD = "gnu++17";
				CLANG_ENABLE_MODULES = YES;
				CLANG_ENABLE_OBJC_ARC = YES;
				CLANG_ENABLE_OBJC_WEAK = YES;
				CLANG_WARN_BLOCK_CAPTURE_AUTORELEASING = YES;
				CLANG_WARN_BOOL_CONVERSION = YES;
				CLANG_WARN_COMMA = YES;
				CLANG_WARN_CONSTANT_CONVERSION = YES;
				CLANG_WARN_DEPRECATED_OBJC_IMPLEMENTATIONS = YES;
				CLANG_WARN_DIRECT_OBJC_ISA_USAGE = YES_ERROR;
				CLANG_WARN_DOCUMENTATION_COMMENTS = YES;
				CLANG_WARN_EMPTY_BODY = YES;
				CLANG_WARN_ENUM_CONVERSION = YES;
				CLANG_WARN_INFINITE_RECURSION = YES;
				CLANG_WARN_INT_CONVERSION = YES;
				CLANG_WARN_NON_LITERAL_NULL_CONVERSION = YES;
				CLANG_WARN_OBJC_IMPLICIT_RETAIN_SELF = YES;
				CLANG_WARN_OBJC_LITERAL_CONVERSION = YES;
				CLANG_WARN_OBJC_ROOT_CLASS = YES_ERROR;
				CLANG_WARN_QUOTED_INCLUDE_IN_FRAMEWORK_HEADER = YES;
				CLANG_WARN_RANGE_LOOP_ANALYSIS = YES;
				CLANG_WARN_STRICT_PROTOTYPES = YES;
				CLANG_WARN_SUSPICIOUS_MOVE = YES;
				CLANG_WARN_UNGUARDED_AVAILABILITY = YES_AGGRESSIVE;
				CLANG_WARN_UNREACHABLE_CODE = YES;
				CLANG_WARN__DUPLICATE_METHOD_MATCH = YES;
				COPY_PHASE_STRIP = NO;
				DEBUG_INFORMATION_FORMAT = dwarf;
				ENABLE_STRICT_OBJC_MSGSEND = YES;
				ENABLE_TESTABILITY = YES;
				GCC_C_LANGUAGE_STANDARD = gnu11;
				GCC_DYNAMIC_NO_PIC = NO;
				GCC_NO_COMMON_BLOCKS = YES;
				GCC_OPTIMIZATION_LEVEL = 0;
				GCC_PREPROCESSOR_DEFINITIONS = (
					"DEBUG=1",
					"$(inherited)",
				);
				GCC_WARN_64_TO_32_BIT_CONVERSION = YES;
				GCC_WARN_ABOUT_RETURN_TYPE = YES_ERROR;
				GCC_WARN_UNDECLARED_SELECTOR = YES;
				GCC_WARN_UNINITIALIZED_AUTOS = YES_AGGRESSIVE;
				GCC_WARN_UNUSED_FUNCTION = YES;
				GCC_WARN_UNUSED_VARIABLE = YES;
				IPHONEOS_DEPLOYMENT_TARGET = 15.4;
				MTL_ENABLE_DEBUG_INFO = INCLUDE_SOURCE;
				MTL_FAST_MATH = YES;
				ONLY_ACTIVE_ARCH = YES;
				SDKROOT = iphoneos;
				SWIFT_ACTIVE_COMPILATION_CONDITIONS = DEBUG;
				SWIFT_OPTIMIZATION_LEVEL = "-Onone";
			};
			name = Debug;
		};
		7F14C6F52828A5F000C4A1A7 /* Release */ = {
			isa = XCBuildConfiguration;
			buildSettings = {
				ALWAYS_SEARCH_USER_PATHS = NO;
				CLANG_ANALYZER_NONNULL = YES;
				CLANG_ANALYZER_NUMBER_OBJECT_CONVERSION = YES_AGGRESSIVE;
				CLANG_CXX_LANGUAGE_STANDARD = "gnu++17";
				CLANG_ENABLE_MODULES = YES;
				CLANG_ENABLE_OBJC_ARC = YES;
				CLANG_ENABLE_OBJC_WEAK = YES;
				CLANG_WARN_BLOCK_CAPTURE_AUTORELEASING = YES;
				CLANG_WARN_BOOL_CONVERSION = YES;
				CLANG_WARN_COMMA = YES;
				CLANG_WARN_CONSTANT_CONVERSION = YES;
				CLANG_WARN_DEPRECATED_OBJC_IMPLEMENTATIONS = YES;
				CLANG_WARN_DIRECT_OBJC_ISA_USAGE = YES_ERROR;
				CLANG_WARN_DOCUMENTATION_COMMENTS = YES;
				CLANG_WARN_EMPTY_BODY = YES;
				CLANG_WARN_ENUM_CONVERSION = YES;
				CLANG_WARN_INFINITE_RECURSION = YES;
				CLANG_WARN_INT_CONVERSION = YES;
				CLANG_WARN_NON_LITERAL_NULL_CONVERSION = YES;
				CLANG_WARN_OBJC_IMPLICIT_RETAIN_SELF = YES;
				CLANG_WARN_OBJC_LITERAL_CONVERSION = YES;
				CLANG_WARN_OBJC_ROOT_CLASS = YES_ERROR;
				CLANG_WARN_QUOTED_INCLUDE_IN_FRAMEWORK_HEADER = YES;
				CLANG_WARN_RANGE_LOOP_ANALYSIS = YES;
				CLANG_WARN_STRICT_PROTOTYPES = YES;
				CLANG_WARN_SUSPICIOUS_MOVE = YES;
				CLANG_WARN_UNGUARDED_AVAILABILITY = YES_AGGRESSIVE;
				CLANG_WARN_UNREACHABLE_CODE = YES;
				CLANG_WARN__DUPLICATE_METHOD_MATCH = YES;
				COPY_PHASE_STRIP = NO;
				DEBUG_INFORMATION_FORMAT = "dwarf-with-dsym";
				ENABLE_NS_ASSERTIONS = NO;
				ENABLE_STRICT_OBJC_MSGSEND = YES;
				GCC_C_LANGUAGE_STANDARD = gnu11;
				GCC_NO_COMMON_BLOCKS = YES;
				GCC_WARN_64_TO_32_BIT_CONVERSION = YES;
				GCC_WARN_ABOUT_RETURN_TYPE = YES_ERROR;
				GCC_WARN_UNDECLARED_SELECTOR = YES;
				GCC_WARN_UNINITIALIZED_AUTOS = YES_AGGRESSIVE;
				GCC_WARN_UNUSED_FUNCTION = YES;
				GCC_WARN_UNUSED_VARIABLE = YES;
				IPHONEOS_DEPLOYMENT_TARGET = 15.4;
				MTL_ENABLE_DEBUG_INFO = NO;
				MTL_FAST_MATH = YES;
				SDKROOT = iphoneos;
				SWIFT_COMPILATION_MODE = wholemodule;
				SWIFT_OPTIMIZATION_LEVEL = "-O";
				VALIDATE_PRODUCT = YES;
			};
			name = Release;
		};
		7F14C6F72828A5F000C4A1A7 /* Debug */ = {
			isa = XCBuildConfiguration;
			baseConfigurationReference = 3C52551D086C32B93092267A /* Pods-Twiiter.debug.xcconfig */;
			buildSettings = {
				ASSETCATALOG_COMPILER_APPICON_NAME = AppIcon;
				ASSETCATALOG_COMPILER_GLOBAL_ACCENT_COLOR_NAME = AccentColor;
				CODE_SIGN_STYLE = Automatic;
				CURRENT_PROJECT_VERSION = 1;
				DEVELOPMENT_TEAM = N94CS4N6VR;
				GENERATE_INFOPLIST_FILE = YES;
				INFOPLIST_FILE = Twiiter/Info.plist;
				INFOPLIST_KEY_UIApplicationSupportsIndirectInputEvents = YES;
				INFOPLIST_KEY_UILaunchStoryboardName = LaunchScreen;
				INFOPLIST_KEY_UIMainStoryboardFile = Main;
				INFOPLIST_KEY_UISupportedInterfaceOrientations_iPad = "UIInterfaceOrientationPortrait UIInterfaceOrientationPortraitUpsideDown UIInterfaceOrientationLandscapeLeft UIInterfaceOrientationLandscapeRight";
				INFOPLIST_KEY_UISupportedInterfaceOrientations_iPhone = "UIInterfaceOrientationPortrait UIInterfaceOrientationLandscapeLeft UIInterfaceOrientationLandscapeRight";
				LD_RUNPATH_SEARCH_PATHS = (
					"$(inherited)",
					"@executable_path/Frameworks",
				);
				MARKETING_VERSION = 1.0;
				PRODUCT_BUNDLE_IDENTIFIER = Roy.com.Twiiter;
				PRODUCT_NAME = "$(TARGET_NAME)";
				SWIFT_EMIT_LOC_STRINGS = YES;
				SWIFT_VERSION = 5.0;
				TARGETED_DEVICE_FAMILY = 1;
			};
			name = Debug;
		};
		7F14C6F82828A5F000C4A1A7 /* Release */ = {
			isa = XCBuildConfiguration;
			baseConfigurationReference = AD57A811DAC0A1EDBC3C77CB /* Pods-Twiiter.release.xcconfig */;
			buildSettings = {
				ASSETCATALOG_COMPILER_APPICON_NAME = AppIcon;
				ASSETCATALOG_COMPILER_GLOBAL_ACCENT_COLOR_NAME = AccentColor;
				CODE_SIGN_STYLE = Automatic;
				CURRENT_PROJECT_VERSION = 1;
				DEVELOPMENT_TEAM = N94CS4N6VR;
				GENERATE_INFOPLIST_FILE = YES;
				INFOPLIST_FILE = Twiiter/Info.plist;
				INFOPLIST_KEY_UIApplicationSupportsIndirectInputEvents = YES;
				INFOPLIST_KEY_UILaunchStoryboardName = LaunchScreen;
				INFOPLIST_KEY_UIMainStoryboardFile = Main;
				INFOPLIST_KEY_UISupportedInterfaceOrientations_iPad = "UIInterfaceOrientationPortrait UIInterfaceOrientationPortraitUpsideDown UIInterfaceOrientationLandscapeLeft UIInterfaceOrientationLandscapeRight";
				INFOPLIST_KEY_UISupportedInterfaceOrientations_iPhone = "UIInterfaceOrientationPortrait UIInterfaceOrientationLandscapeLeft UIInterfaceOrientationLandscapeRight";
				LD_RUNPATH_SEARCH_PATHS = (
					"$(inherited)",
					"@executable_path/Frameworks",
				);
				MARKETING_VERSION = 1.0;
				PRODUCT_BUNDLE_IDENTIFIER = Roy.com.Twiiter;
				PRODUCT_NAME = "$(TARGET_NAME)";
				SWIFT_EMIT_LOC_STRINGS = YES;
				SWIFT_VERSION = 5.0;
				TARGETED_DEVICE_FAMILY = 1;
			};
			name = Release;
		};
/* End XCBuildConfiguration section */

/* Begin XCConfigurationList section */
		7F14C6DD2828A5EB00C4A1A7 /* Build configuration list for PBXProject "Twiiter" */ = {
			isa = XCConfigurationList;
			buildConfigurations = (
				7F14C6F42828A5F000C4A1A7 /* Debug */,
				7F14C6F52828A5F000C4A1A7 /* Release */,
			);
			defaultConfigurationIsVisible = 0;
			defaultConfigurationName = Release;
		};
		7F14C6F62828A5F000C4A1A7 /* Build configuration list for PBXNativeTarget "Twiiter" */ = {
			isa = XCConfigurationList;
			buildConfigurations = (
				7F14C6F72828A5F000C4A1A7 /* Debug */,
				7F14C6F82828A5F000C4A1A7 /* Release */,
			);
			defaultConfigurationIsVisible = 0;
			defaultConfigurationName = Release;
		};
/* End XCConfigurationList section */
	};
	rootObject = 7F14C6DA2828A5EB00C4A1A7 /* Project object */;
}
